
Microsoft Visual Studio Solution File, Format Version 12.00
# Visual Studio Version 17
VisualStudioVersion = 17.0.31903.59
MinimumVisualStudioVersion = 10.0.40219.1
Project("{FAE04EC0-301F-11D3-BF4B-00C04F79EFBC}") = "LabyrinthGame.Core", "LabyrinthGame.Core\LabyrinthGame.Core.csproj", "{892C7F1D-BC38-40C7-8DB5-DC8151BAEE5B}"
EndProject
Project("{FAE04EC0-301F-11D3-BF4B-00C04F79EFBC}") = "LabyrinthGame.ConsoleApp", "LabyrinthGame.ConsoleApp\LabyrinthGame.ConsoleApp.csproj", "{84A7A440-6F8A-4129-9E1A-50235B34100A}"
EndProject
Project("{FAE04EC0-301F-11D3-BF4B-00C04F79EFBC}") = "LabyrinthGame.Tests", "LabyrinthGame.Tests\LabyrinthGame.Tests.csproj", "{A24925BB-345D-41F7-B818-1322A66BC9BE}"
EndProject
Global
	GlobalSection(SolutionConfigurationPlatforms) = preSolution
		Debug|Any CPU = Debug|Any CPU
		Release|Any CPU = Release|Any CPU
	EndGlobalSection
	GlobalSection(SolutionProperties) = preSolution
		HideSolutionNode = FALSE
	EndGlobalSection
	GlobalSection(ProjectConfigurationPlatforms) = postSolution
		{892C7F1D-BC38-40C7-8DB5-DC8151BAEE5B}.Debug|Any CPU.ActiveCfg = Debug|Any CPU
		{892C7F1D-BC38-40C7-8DB5-DC8151BAEE5B}.Debug|Any CPU.Build.0 = Debug|Any CPU
		{892C7F1D-BC38-40C7-8DB5-DC8151BAEE5B}.Release|Any CPU.ActiveCfg = Release|Any CPU
		{892C7F1D-BC38-40C7-8DB5-DC8151BAEE5B}.Release|Any CPU.Build.0 = Release|Any CPU
		{84A7A440-6F8A-4129-9E1A-50235B34100A}.Debug|Any CPU.ActiveCfg = Debug|Any CPU
		{84A7A440-6F8A-4129-9E1A-50235B34100A}.Debug|Any CPU.Build.0 = Debug|Any CPU
		{84A7A440-6F8A-4129-9E1A-50235B34100A}.Release|Any CPU.ActiveCfg = Release|Any CPU
		{84A7A440-6F8A-4129-9E1A-50235B34100A}.Release|Any CPU.Build.0 = Release|Any CPU
		{A24925BB-345D-41F7-B818-1322A66BC9BE}.Debug|Any CPU.ActiveCfg = Debug|Any CPU
		{A24925BB-345D-41F7-B818-1322A66BC9BE}.Debug|Any CPU.Build.0 = Debug|Any CPU
		{A24925BB-345D-41F7-B818-1322A66BC9BE}.Release|Any CPU.ActiveCfg = Release|Any CPU
		{A24925BB-345D-41F7-B818-1322A66BC9BE}.Release|Any CPU.Build.0 = Release|Any CPU
	EndGlobalSection
EndGlobal
